
Microsoft Visual Studio Solution File, Format Version 12.00
# Visual Studio Version 16
VisualStudioVersion = 16.0.32228.343
MinimumVisualStudioVersion = 10.0.40219.1
Project("{8BC9CEB8-8B4A-11D0-8D11-00A0C91BC942}") = "SdiDemo", "SdiDemo.vcxproj", "{BCA9F948-D60C-488F-9D32-60AF4672E139}"
EndProject
Global
	GlobalSection(SolutionConfigurationPlatforms) = preSolution
		Debug|x64 = Debug|x64
		Debug|x86 = Debug|x86
		Release|x64 = Release|x64
		Release|x86 = Release|x86
	EndGlobalSection
	GlobalSection(ProjectConfigurationPlatforms) = postSolution
		{BCA9F948-D60C-488F-9D32-60AF4672E139}.Debug|x64.ActiveCfg = Debug|x64
		{BCA9F948-D60C-488F-9D32-60AF4672E139}.Debug|x64.Build.0 = Debug|x64
		{BCA9F948-D60C-488F-9D32-60AF4672E139}.Debug|x86.ActiveCfg = Debug|Win32
		{BCA9F948-D60C-488F-9D32-60AF4672E139}.Debug|x86.Build.0 = Debug|Win32
		{BCA9F948-D60C-488F-9D32-60AF4672E139}.Release|x64.ActiveCfg = Release|x64
		{BCA9F948-D60C-488F-9D32-60AF4672E139}.Release|x64.Build.0 = Release|x64
		{BCA9F948-D60C-488F-9D32-60AF4672E139}.Release|x86.ActiveCfg = Release|Win32
		{BCA9F948-D60C-488F-9D32-60AF4672E139}.Release|x86.Build.0 = Release|Win32
	EndGlobalSection
	GlobalSection(SolutionProperties) = preSolution
		HideSolutionNode = FALSE
	EndGlobalSection
	GlobalSection(ExtensibilityGlobals) = postSolution
		SolutionGuid = {B9AF1849-E8E5-4552-B544-BC7575021611}
	EndGlobalSection
EndGlobal
